// !$*UTF8*$!
{
	archiveVersion = 1;
	classes = {
	};
	objectVersion = 50;
	objects = {

/* Begin PBXBuildFile section */
		D003EA5825FD183500705893 /* main.cpp in Sources */ = {isa = PBXBuildFile; fileRef = D003EA5725FD183500705893 /* main.cpp */; };
		D003EA6225FD19F400705893 /* libSDL2.dylib in Frameworks */ = {isa = PBXBuildFile; fileRef = D003EA6125FD19F400705893 /* libSDL2.dylib */; };
		D003EA6325FD19F400705893 /* libSDL2.dylib in Embed Libraries */ = {isa = PBXBuildFile; fileRef = D003EA6125FD19F400705893 /* libSDL2.dylib */; settings = {ATTRIBUTES = (CodeSignOnCopy, ); }; };
		D003EA6625FD1A0D00705893 /* libSDL2_image.dylib in Frameworks */ = {isa = PBXBuildFile; fileRef = D003EA6525FD1A0D00705893 /* libSDL2_image.dylib */; };
		D003EA6725FD1A0D00705893 /* libSDL2_image.dylib in Embed Libraries */ = {isa = PBXBuildFile; fileRef = D003EA6525FD1A0D00705893 /* libSDL2_image.dylib */; settings = {ATTRIBUTES = (CodeSignOnCopy, ); }; };
		D0D984F125FEFE3C005014B0 /* Character.cpp in Sources */ = {isa = PBXBuildFile; fileRef = D0D984EF25FEFE3C005014B0 /* Character.cpp */; };
		D0D984F425FF0122005014B0 /* Common_Function.cpp in Sources */ = {isa = PBXBuildFile; fileRef = D0D984F225FF0122005014B0 /* Common_Function.cpp */; };
		D0D984F725FF05D6005014B0 /* LTexture.cpp in Sources */ = {isa = PBXBuildFile; fileRef = D0D984F525FF05D6005014B0 /* LTexture.cpp */; };
/* End PBXBuildFile section */

/* Begin PBXCopyFilesBuildPhase section */
		D003EA5225FD183500705893 /* CopyFiles */ = {
			isa = PBXCopyFilesBuildPhase;
			buildActionMask = 2147483647;
			dstPath = /usr/share/man/man1/;
			dstSubfolderSpec = 0;
			files = (
			);
			runOnlyForDeploymentPostprocessing = 1;
		};
		D003EA6425FD19F400705893 /* Embed Libraries */ = {
			isa = PBXCopyFilesBuildPhase;
			buildActionMask = 2147483647;
			dstPath = "";
			dstSubfolderSpec = 10;
			files = (
				D003EA6325FD19F400705893 /* libSDL2.dylib in Embed Libraries */,
				D003EA6725FD1A0D00705893 /* libSDL2_image.dylib in Embed Libraries */,
			);
			name = "Embed Libraries";
			runOnlyForDeploymentPostprocessing = 0;
		};
/* End PBXCopyFilesBuildPhase section */

/* Begin PBXFileReference section */
		D003EA5425FD183500705893 /* huongdan */ = {isa = PBXFileReference; explicitFileType = "compiled.mach-o.executable"; includeInIndex = 0; path = huongdan; sourceTree = BUILT_PRODUCTS_DIR; };
		D003EA5725FD183500705893 /* main.cpp */ = {isa = PBXFileReference; lastKnownFileType = sourcecode.cpp.cpp; path = main.cpp; sourceTree = "<group>"; };
		D003EA6125FD19F400705893 /* libSDL2.dylib */ = {isa = PBXFileReference; lastKnownFileType = "compiled.mach-o.dylib"; name = libSDL2.dylib; path = ../../../../usr/local/Cellar/sdl2/2.0.14_1/lib/libSDL2.dylib; sourceTree = "<group>"; };
		D003EA6525FD1A0D00705893 /* libSDL2_image.dylib */ = {isa = PBXFileReference; lastKnownFileType = "compiled.mach-o.dylib"; name = libSDL2_image.dylib; path = ../../../../usr/local/Cellar/sdl2_image/2.0.5/lib/libSDL2_image.dylib; sourceTree = "<group>"; };
		D0D984EF25FEFE3C005014B0 /* Character.cpp */ = {isa = PBXFileReference; lastKnownFileType = sourcecode.cpp.cpp; path = Character.cpp; sourceTree = "<group>"; };
		D0D984F025FEFE3C005014B0 /* Character.hpp */ = {isa = PBXFileReference; lastKnownFileType = sourcecode.cpp.h; path = Character.hpp; sourceTree = "<group>"; };
		D0D984F225FF0122005014B0 /* Common_Function.cpp */ = {isa = PBXFileReference; lastKnownFileType = sourcecode.cpp.cpp; path = Common_Function.cpp; sourceTree = "<group>"; };
		D0D984F325FF0122005014B0 /* Common_Function.hpp */ = {isa = PBXFileReference; lastKnownFileType = sourcecode.cpp.h; path = Common_Function.hpp; sourceTree = "<group>"; };
		D0D984F525FF05D6005014B0 /* LTexture.cpp */ = {isa = PBXFileReference; lastKnownFileType = sourcecode.cpp.cpp; path = LTexture.cpp; sourceTree = "<group>"; };
		D0D984F625FF05D6005014B0 /* LTexture.hpp */ = {isa = PBXFileReference; lastKnownFileType = sourcecode.cpp.h; path = LTexture.hpp; sourceTree = "<group>"; };
/* End PBXFileReference section */

/* Begin PBXFrameworksBuildPhase section */
		D003EA5125FD183500705893 /* Frameworks */ = {
			isa = PBXFrameworksBuildPhase;
			buildActionMask = 2147483647;
			files = (
				D003EA6225FD19F400705893 /* libSDL2.dylib in Frameworks */,
				D003EA6625FD1A0D00705893 /* libSDL2_image.dylib in Frameworks */,
			);
			runOnlyForDeploymentPostprocessing = 0;
		};
/* End PBXFrameworksBuildPhase section */

/* Begin PBXGroup section */
		D003EA4B25FD183500705893 = {
			isa = PBXGroup;
			children = (
				D003EA5625FD183500705893 /* huongdan */,
				D003EA5525FD183500705893 /* Products */,
				D003EA6025FD19F400705893 /* Frameworks */,
			);
			sourceTree = "<group>";
		};
		D003EA5525FD183500705893 /* Products */ = {
			isa = PBXGroup;
			children = (
				D003EA5425FD183500705893 /* huongdan */,
			);
			name = Products;
			sourceTree = "<group>";
		};
		D003EA5625FD183500705893 /* huongdan */ = {
			isa = PBXGroup;
			children = (
				D003EA5725FD183500705893 /* main.cpp */,
				D0D984EF25FEFE3C005014B0 /* Character.cpp */,
				D0D984F025FEFE3C005014B0 /* Character.hpp */,
				D0D984F225FF0122005014B0 /* Common_Function.cpp */,
				D0D984F525FF05D6005014B0 /* LTexture.cpp */,
				D0D984F625FF05D6005014B0 /* LTexture.hpp */,
				D0D984F325FF0122005014B0 /* Common_Function.hpp */,
			);
			path = huongdan;
			sourceTree = "<group>";
		};
		D003EA6025FD19F400705893 /* Frameworks */ = {
			isa = PBXGroup;
			children = (
				D003EA6525FD1A0D00705893 /* libSDL2_image.dylib */,
				D003EA6125FD19F400705893 /* libSDL2.dylib */,
			);
			name = Frameworks;
			sourceTree = "<group>";
		};
/* End PBXGroup section */

/* Begin PBXNativeTarget section */
		D003EA5325FD183500705893 /* huongdan */ = {
			isa = PBXNativeTarget;
			buildConfigurationList = D003EA5B25FD183500705893 /* Build configuration list for PBXNativeTarget "huongdan" */;
			buildPhases = (
				D003EA5025FD183500705893 /* Sources */,
				D003EA5125FD183500705893 /* Frameworks */,
				D003EA5225FD183500705893 /* CopyFiles */,
				D003EA6425FD19F400705893 /* Embed Libraries */,
			);
			buildRules = (
			);
			dependencies = (
			);
			name = huongdan;
			productName = huongdan;
			productReference = D003EA5425FD183500705893 /* huongdan */;
			productType = "com.apple.product-type.tool";
		};
/* End PBXNativeTarget section */

/* Begin PBXProject section */
		D003EA4C25FD183500705893 /* Project object */ = {
			isa = PBXProject;
			attributes = {
				LastUpgradeCheck = 1240;
				TargetAttributes = {
					D003EA5325FD183500705893 = {
						CreatedOnToolsVersion = 12.4;
					};
				};
			};
			buildConfigurationList = D003EA4F25FD183500705893 /* Build configuration list for PBXProject "huongdan" */;
			compatibilityVersion = "Xcode 9.3";
			developmentRegion = en;
			hasScannedForEncodings = 0;
			knownRegions = (
				en,
				Base,
			);
			mainGroup = D003EA4B25FD183500705893;
			productRefGroup = D003EA5525FD183500705893 /* Products */;
			projectDirPath = "";
			projectRoot = "";
			targets = (
				D003EA5325FD183500705893 /* huongdan */,
			);
		};
/* End PBXProject section */

/* Begin PBXSourcesBuildPhase section */
		D003EA5025FD183500705893 /* Sources */ = {
			isa = PBXSourcesBuildPhase;
			buildActionMask = 2147483647;
			files = (
				D003EA5825FD183500705893 /* main.cpp in Sources */,
				D0D984F425FF0122005014B0 /* Common_Function.cpp in Sources */,
				D0D984F725FF05D6005014B0 /* LTexture.cpp in Sources */,
				D0D984F125FEFE3C005014B0 /* Character.cpp in Sources */,
			);
			runOnlyForDeploymentPostprocessing = 0;
		};
/* End PBXSourcesBuildPhase section */

/* Begin XCBuildConfiguration section */
		D003EA5925FD183500705893 /* Debug */ = {
			isa = XCBuildConfiguration;
			buildSettings = {
				ALWAYS_SEARCH_USER_PATHS = NO;
				CLANG_ANALYZER_NONNULL = YES;
				CLANG_ANALYZER_NUMBER_OBJECT_CONVERSION = YES_AGGRESSIVE;
				CLANG_CXX_LANGUAGE_STANDARD = "gnu++14";
				CLANG_CXX_LIBRARY = "libc++";
				CLANG_ENABLE_MODULES = YES;
				CLANG_ENABLE_OBJC_ARC = YES;
				CLANG_ENABLE_OBJC_WEAK = YES;
				CLANG_WARN_BLOCK_CAPTURE_AUTORELEASING = YES;
				CLANG_WARN_BOOL_CONVERSION = YES;
				CLANG_WARN_COMMA = YES;
				CLANG_WARN_CONSTANT_CONVERSION = YES;
				CLANG_WARN_DEPRECATED_OBJC_IMPLEMENTATIONS = YES;
				CLANG_WARN_DIRECT_OBJC_ISA_USAGE = YES_ERROR;
				CLANG_WARN_DOCUMENTATION_COMMENTS = YES;
				CLANG_WARN_EMPTY_BODY = YES;
				CLANG_WARN_ENUM_CONVERSION = YES;
				CLANG_WARN_INFINITE_RECURSION = YES;
				CLANG_WARN_INT_CONVERSION = YES;
				CLANG_WARN_NON_LITERAL_NULL_CONVERSION = YES;
				CLANG_WARN_OBJC_IMPLICIT_RETAIN_SELF = YES;
				CLANG_WARN_OBJC_LITERAL_CONVERSION = YES;
				CLANG_WARN_OBJC_ROOT_CLASS = YES_ERROR;
				CLANG_WARN_QUOTED_INCLUDE_IN_FRAMEWORK_HEADER = YES;
				CLANG_WARN_RANGE_LOOP_ANALYSIS = YES;
				CLANG_WARN_STRICT_PROTOTYPES = YES;
				CLANG_WARN_SUSPICIOUS_MOVE = YES;
				CLANG_WARN_UNGUARDED_AVAILABILITY = YES_AGGRESSIVE;
				CLANG_WARN_UNREACHABLE_CODE = YES;
				CLANG_WARN__DUPLICATE_METHOD_MATCH = YES;
				COPY_PHASE_STRIP = NO;
				DEBUG_INFORMATION_FORMAT = dwarf;
				ENABLE_STRICT_OBJC_MSGSEND = YES;
				ENABLE_TESTABILITY = YES;
				GCC_C_LANGUAGE_STANDARD = gnu11;
				GCC_DYNAMIC_NO_PIC = NO;
				GCC_NO_COMMON_BLOCKS = YES;
				GCC_OPTIMIZATION_LEVEL = 0;
				GCC_PREPROCESSOR_DEFINITIONS = (
					"DEBUG=1",
					"$(inherited)",
				);
				GCC_WARN_64_TO_32_BIT_CONVERSION = YES;
				GCC_WARN_ABOUT_RETURN_TYPE = YES_ERROR;
				GCC_WARN_UNDECLARED_SELECTOR = YES;
				GCC_WARN_UNINITIALIZED_AUTOS = YES_AGGRESSIVE;
				GCC_WARN_UNUSED_FUNCTION = YES;
				GCC_WARN_UNUSED_VARIABLE = YES;
				MACOSX_DEPLOYMENT_TARGET = 11.1;
				MTL_ENABLE_DEBUG_INFO = INCLUDE_SOURCE;
				MTL_FAST_MATH = YES;
				ONLY_ACTIVE_ARCH = YES;
				SDKROOT = macosx;
			};
			name = Debug;
		};
		D003EA5A25FD183500705893 /* Release */ = {
			isa = XCBuildConfiguration;
			buildSettings = {
				ALWAYS_SEARCH_USER_PATHS = NO;
				CLANG_ANALYZER_NONNULL = YES;
				CLANG_ANALYZER_NUMBER_OBJECT_CONVERSION = YES_AGGRESSIVE;
				CLANG_CXX_LANGUAGE_STANDARD = "gnu++14";
				CLANG_CXX_LIBRARY = "libc++";
				CLANG_ENABLE_MODULES = YES;
				CLANG_ENABLE_OBJC_ARC = YES;
				CLANG_ENABLE_OBJC_WEAK = YES;
				CLANG_WARN_BLOCK_CAPTURE_AUTORELEASING = YES;
				CLANG_WARN_BOOL_CONVERSION = YES;
				CLANG_WARN_COMMA = YES;
				CLANG_WARN_CONSTANT_CONVERSION = YES;
				CLANG_WARN_DEPRECATED_OBJC_IMPLEMENTATIONS = YES;
				CLANG_WARN_DIRECT_OBJC_ISA_USAGE = YES_ERROR;
				CLANG_WARN_DOCUMENTATION_COMMENTS = YES;
				CLANG_WARN_EMPTY_BODY = YES;
				CLANG_WARN_ENUM_CONVERSION = YES;
				CLANG_WARN_INFINITE_RECURSION = YES;
				CLANG_WARN_INT_CONVERSION = YES;
				CLANG_WARN_NON_LITERAL_NULL_CONVERSION = YES;
				CLANG_WARN_OBJC_IMPLICIT_RETAIN_SELF = YES;
				CLANG_WARN_OBJC_LITERAL_CONVERSION = YES;
				CLANG_WARN_OBJC_ROOT_CLASS = YES_ERROR;
				CLANG_WARN_QUOTED_INCLUDE_IN_FRAMEWORK_HEADER = YES;
				CLANG_WARN_RANGE_LOOP_ANALYSIS = YES;
				CLANG_WARN_STRICT_PROTOTYPES = YES;
				CLANG_WARN_SUSPICIOUS_MOVE = YES;
				CLANG_WARN_UNGUARDED_AVAILABILITY = YES_AGGRESSIVE;
				CLANG_WARN_UNREACHABLE_CODE = YES;
				CLANG_WARN__DUPLICATE_METHOD_MATCH = YES;
				COPY_PHASE_STRIP = NO;
				DEBUG_INFORMATION_FORMAT = "dwarf-with-dsym";
				ENABLE_NS_ASSERTIONS = NO;
				ENABLE_STRICT_OBJC_MSGSEND = YES;
				GCC_C_LANGUAGE_STANDARD = gnu11;
				GCC_NO_COMMON_BLOCKS = YES;
				GCC_WARN_64_TO_32_BIT_CONVERSION = YES;
				GCC_WARN_ABOUT_RETURN_TYPE = YES_ERROR;
				GCC_WARN_UNDECLARED_SELECTOR = YES;
				GCC_WARN_UNINITIALIZED_AUTOS = YES_AGGRESSIVE;
				GCC_WARN_UNUSED_FUNCTION = YES;
				GCC_WARN_UNUSED_VARIABLE = YES;
				MACOSX_DEPLOYMENT_TARGET = 11.1;
				MTL_ENABLE_DEBUG_INFO = NO;
				MTL_FAST_MATH = YES;
				SDKROOT = macosx;
			};
			name = Release;
		};
		D003EA5C25FD183500705893 /* Debug */ = {
			isa = XCBuildConfiguration;
			buildSettings = {
				CODE_SIGN_STYLE = Automatic;
				FRAMEWORK_SEARCH_PATHS = "";
				HEADER_SEARCH_PATHS = /usr/local/include;
				LIBRARY_SEARCH_PATHS = (
					"$(inherited)",
					/usr/local/Cellar/sdl2/2.0.14_1/lib,
					/usr/local/Cellar/sdl2_image/2.0.5/lib,
				);
				PRODUCT_NAME = "$(TARGET_NAME)";
			};
			name = Debug;
		};
		D003EA5D25FD183500705893 /* Release */ = {
			isa = XCBuildConfiguration;
			buildSettings = {
				CODE_SIGN_STYLE = Automatic;
				FRAMEWORK_SEARCH_PATHS = "";
				HEADER_SEARCH_PATHS = /usr/local/include;
				LIBRARY_SEARCH_PATHS = (
					"$(inherited)",
					/usr/local/Cellar/sdl2/2.0.14_1/lib,
					/usr/local/Cellar/sdl2_image/2.0.5/lib,
				);
				PRODUCT_NAME = "$(TARGET_NAME)";
			};
			name = Release;
		};
/* End XCBuildConfiguration section */

/* Begin XCConfigurationList section */
		D003EA4F25FD183500705893 /* Build configuration list for PBXProject "huongdan" */ = {
			isa = XCConfigurationList;
			buildConfigurations = (
				D003EA5925FD183500705893 /* Debug */,
				D003EA5A25FD183500705893 /* Release */,
			);
			defaultConfigurationIsVisible = 0;
			defaultConfigurationName = Release;
		};
		D003EA5B25FD183500705893 /* Build configuration list for PBXNativeTarget "huongdan" */ = {
			isa = XCConfigurationList;
			buildConfigurations = (
				D003EA5C25FD183500705893 /* Debug */,
				D003EA5D25FD183500705893 /* Release */,
			);
			defaultConfigurationIsVisible = 0;
			defaultConfigurationName = Release;
		};
/* End XCConfigurationList section */
	};
	rootObject = D003EA4C25FD183500705893 /* Project object */;
}
